
Microsoft Visual Studio Solution File, Format Version 12.00
# Visual Studio 14
VisualStudioVersion = 14.0.25420.1
MinimumVisualStudioVersion = 10.0.40219.1
Project("{FAE04EC0-301F-11D3-BF4B-00C04F79EFBC}") = "QuanLyKho.Data", "QuanLyKho.Data\QuanLyKho.Data.csproj", "{1B19D573-F8B0-4CBD-A46D-2AE8D7509159}"
EndProject
Project("{FAE04EC0-301F-11D3-BF4B-00C04F79EFBC}") = "QuanLyKho.Model", "QuanLyKho.Model\QuanLyKho.Model.csproj", "{034EA597-9CA4-4E50-BF11-49E744EB5157}"
EndProject
Project("{FAE04EC0-301F-11D3-BF4B-00C04F79EFBC}") = "QuanLyKho.Common", "QuanLyKho.Comon\QuanLyKho.Common.csproj", "{0495C323-CB00-4415-817C-C9108DD459E9}"
EndProject
Project("{8BB2217D-0F2D-49D1-97BC-3654ED321F3B}") = "QuanLyKho.Web", "QuanLyKho.Web\QuanLyKho.Web.xproj", "{F331ECE6-833A-4844-8048-700EC4094B94}"
EndProject
Project("{FAE04EC0-301F-11D3-BF4B-00C04F79EFBC}") = "QuanLyKho.Service", "QuanLyKho.Service\QuanLyKho.Service.csproj", "{92DF857A-ECBE-4FCF-916C-154F460DE7F3}"
EndProject
Global
	GlobalSection(SolutionConfigurationPlatforms) = preSolution
		Debug|Any CPU = Debug|Any CPU
		Release|Any CPU = Release|Any CPU
	EndGlobalSection
	GlobalSection(ProjectConfigurationPlatforms) = postSolution
		{1B19D573-F8B0-4CBD-A46D-2AE8D7509159}.Debug|Any CPU.ActiveCfg = Debug|Any CPU
		{1B19D573-F8B0-4CBD-A46D-2AE8D7509159}.Debug|Any CPU.Build.0 = Debug|Any CPU
		{1B19D573-F8B0-4CBD-A46D-2AE8D7509159}.Release|Any CPU.ActiveCfg = Release|Any CPU
		{1B19D573-F8B0-4CBD-A46D-2AE8D7509159}.Release|Any CPU.Build.0 = Release|Any CPU
		{034EA597-9CA4-4E50-BF11-49E744EB5157}.Debug|Any CPU.ActiveCfg = Debug|Any CPU
		{034EA597-9CA4-4E50-BF11-49E744EB5157}.Debug|Any CPU.Build.0 = Debug|Any CPU
		{034EA597-9CA4-4E50-BF11-49E744EB5157}.Release|Any CPU.ActiveCfg = Release|Any CPU
		{034EA597-9CA4-4E50-BF11-49E744EB5157}.Release|Any CPU.Build.0 = Release|Any CPU
		{0495C323-CB00-4415-817C-C9108DD459E9}.Debug|Any CPU.ActiveCfg = Debug|Any CPU
		{0495C323-CB00-4415-817C-C9108DD459E9}.Debug|Any CPU.Build.0 = Debug|Any CPU
		{0495C323-CB00-4415-817C-C9108DD459E9}.Release|Any CPU.ActiveCfg = Release|Any CPU
		{0495C323-CB00-4415-817C-C9108DD459E9}.Release|Any CPU.Build.0 = Release|Any CPU
		{F331ECE6-833A-4844-8048-700EC4094B94}.Debug|Any CPU.ActiveCfg = Debug|Any CPU
		{F331ECE6-833A-4844-8048-700EC4094B94}.Debug|Any CPU.Build.0 = Debug|Any CPU
		{F331ECE6-833A-4844-8048-700EC4094B94}.Release|Any CPU.ActiveCfg = Release|Any CPU
		{F331ECE6-833A-4844-8048-700EC4094B94}.Release|Any CPU.Build.0 = Release|Any CPU
		{92DF857A-ECBE-4FCF-916C-154F460DE7F3}.Debug|Any CPU.ActiveCfg = Debug|Any CPU
		{92DF857A-ECBE-4FCF-916C-154F460DE7F3}.Debug|Any CPU.Build.0 = Debug|Any CPU
		{92DF857A-ECBE-4FCF-916C-154F460DE7F3}.Release|Any CPU.ActiveCfg = Release|Any CPU
		{92DF857A-ECBE-4FCF-916C-154F460DE7F3}.Release|Any CPU.Build.0 = Release|Any CPU
	EndGlobalSection
	GlobalSection(SolutionProperties) = preSolution
		HideSolutionNode = FALSE
	EndGlobalSection
EndGlobal
